
Microsoft Visual Studio Solution File, Format Version 12.00
# Visual Studio Version 16
VisualStudioVersion = 16.0.30711.63
MinimumVisualStudioVersion = 10.0.40219.1
Project("{FAE04EC0-301F-11D3-BF4B-00C04F79EFBC}") = "TaskManager", "TaskManager.csproj", "{00D68591-9B1A-4BBA-B967-C981AADFC067}"
EndProject
Global
	GlobalSection(SolutionConfigurationPlatforms) = preSolution
		Debug|Any CPU = Debug|Any CPU
		Release|Any CPU = Release|Any CPU
	EndGlobalSection
	GlobalSection(ProjectConfigurationPlatforms) = postSolution
		{00D68591-9B1A-4BBA-B967-C981AADFC067}.Debug|Any CPU.ActiveCfg = Debug|Any CPU
		{00D68591-9B1A-4BBA-B967-C981AADFC067}.Debug|Any CPU.Build.0 = Debug|Any CPU
		{00D68591-9B1A-4BBA-B967-C981AADFC067}.Release|Any CPU.ActiveCfg = Release|Any CPU
		{00D68591-9B1A-4BBA-B967-C981AADFC067}.Release|Any CPU.Build.0 = Release|Any CPU
	EndGlobalSection
	GlobalSection(SolutionProperties) = preSolution
		HideSolutionNode = FALSE
	EndGlobalSection
	GlobalSection(ExtensibilityGlobals) = postSolution
		SolutionGuid = {078D7A28-94FA-4BF6-A105-8D6499C19C8B}
	EndGlobalSection
EndGlobal
